# This file was autogenerated by uv via the following command:
#    uv export --frozen --no-dev --no-emit-project --output-file requirements.lock
alembic==1.20.0 \
    --hash=sha256:77eb101048d95f982c0353e9233404889dcd7a6fc244c107836c0e2fc9cf7d9d \
    --hash=sha256:db505480647bc60386c5369402f4a57a506b7539c9e9ef5e270d45cbbe4939bf
    # via j26-research-platform
annotated-doc==0.0.5 \
    --hash=sha256:117bac03a25ede5df5440e855b32d556049ca169ead221505badf432fed4b101 \
    --hash=sha256:c7e58ce09192557605d8bbd92836d7e1d520ac9580096042c0bfd197efacf1bb
    # via
    #   fastapi
    #   typer
annotated-types==0.8.0 \
    --hash=sha256:13b2beaad985e05e2d6407ee4c4f35590b11f8d693a258a561055cac8f64cab7 \
    --hash=sha256:f072f4d804ea359e4eaf198b1af7a8b0943881a87f31bb764f8bf219bb9419e0
    # via pydantic
anyio==4.15.1 \
    --hash=sha256:6152fdbbf9a77fdec97731721bebf7c4c44f7c29b424b0065826173efc7ed101 \
    --hash=sha256:9f28306018cbd6d329e64a36d58256edff76dd996fe423bc957326e578b82a94
    # via
    #   httpx
    #   starlette
argon2-cffi==25.1.0 \
    --hash=sha256:694ae5cc8a42f4c4e2bf2ca0e64e51e23a040c6a517a85074683d3959e1346c1 \
    --hash=sha256:fdc8b074db390fccb6eb4a3604ae7231f219aa669a2652e0f20e16ba513d5741
    # via pwdlib
argon2-cffi-bindings==26.1.0 \
    --hash=sha256:21ca0396fe5ec995dd54431c32698189666f9224810acfa752e50d2bd94d9df2 \
    --hash=sha256:224865cbbcb7a2bd1356741dff12b0134df726b6d44bb7b500df8e303cbd9e81 \
    --hash=sha256:27f1821903e2ceadcb88ec2b45ef190897b7682449c772f4d9b53e42c520cf29 \
    --hash=sha256:2c36ff87b5dfaa477d0bd51e9d7f6abdae7c8955d2983c97419085d842154b3e \
    --hash=sha256:34b7d9c24a4165a2c61cc8ae11d44d48c9ce2830fb536cb7914e11fdd9962728 \
    --hash=sha256:63505c71542a44b68b1e38060450fb006404170da375feb31af153e7f9c6205d \
    --hash=sha256:78de2d65e0b9ea7ce9d1b1c3e87297b2d7305a02c266ee2a2d6910daddd7ee69 \
    --hash=sha256:a86c069c91a747a2c4e5c51473590aeb48172fff9b2130d23729a42d98665ecb \
    --hash=sha256:d88e5f7e60f28ae0b0cc6b2f16c43e87cd642a196a86f85e0d8bb6fe016fc16d \
    --hash=sha256:f9c4420a7a864fe1b86ce35befc95b8e39fb852493b81cf798671ddc265de638 \
    --hash=sha256:ffff613aaa9ce6236766e2fc6dc560bb5abde7a2e2416e3db1f9ae395a2b4dd4
    # via argon2-cffi
blis==1.3.3 \
    --hash=sha256:034d4560ff3cc43e8aa37e188451b0440e3261d989bb8a42ceee865607715ecd \
    --hash=sha256:1ef6d6e2b599a3a2788eb6d9b443533961265aa4ec49d574ed4bb846e548dcdb \
    --hash=sha256:2a1c74e100665f8e918ebdbae2794576adf1f691680b5cdb8b29578432f623ef \
    --hash=sha256:3f6c595185176ce021316263e1a1d636a3425b6c48366c1fd712d08d0b71849a \
    --hash=sha256:8177879fd3590b5eecdd377f9deafb5dc8af6d684f065bd01553302fb3fcf9a7 \
    --hash=sha256:8c888438ae99c500422d50698e3028b65caa8ebb44e24204d87fda2df64058f7 \
    --hash=sha256:d734b19fba0be7944f272dfa7b443b37c61f9476d9ab054a9ac53555ceadd2e0 \
    --hash=sha256:f20f7ad69aaffd1ce14fe77de557b6df9b61e0c9e582f75a843715d836b5c8af
    # via thinc
catalogue==2.0.10 \
    --hash=sha256:4f56daa940913d3f09d589c191c74e5a6d51762b3a9e37dd53b7437afd6cda15 \
    --hash=sha256:58c2de0020aa90f4a2da7dfad161bf7b3b054c86a5f09fcedc0b2b740c109a9f
    # via
    #   spacy
    #   srsly
    #   thinc
certifi==2026.7.22 \
    --hash=sha256:62f22742b58a1a33014a2b6b706588a8d7e2a88ae7bd1a6ebe8c992928483775 \
    --hash=sha256:741e2c3b351ddf169a738da9f2c048608ff7f2c5cc02f1ebc6b118bb090d5d55
    # via
    #   httpcore
    #   httpx
    #   requests
cffi==2.1.1 \
    --hash=sha256:046bfc24911b37851ee1b51aab8bffe713d89c68c6a057b09484ce9fd5f69b4e \
    --hash=sha256:208f941bb9d18e768138677f0a6d2ce01f590df56043dda1df1535ac57c88517 \
    --hash=sha256:210019b6c7cf07f081b4c54635c8cf744377001350e29cc0f81c4377b4797735 \
    --hash=sha256:3143d81e29e1e20a9ce10901ec369012947876596f75a222235965f2b7ae832e \
    --hash=sha256:4a7c934f7360e8cd64fe9efadcbd10c7c6364f531e432b9a4bf5ccbc9e0e8b50 \
    --hash=sha256:68e62fe11f30d5ca8289242866f0a5291402d8529ca2178ab8afc5c9694ae890 \
    --hash=sha256:7bde5e4cc5c10140859842b9d383af292b22639a4dffb725314baf45968cef80 \
    --hash=sha256:811bd1e21d32de12efca32393a0ab3f5133b54fce9bd44b8bd77ab07da14bf6a \
    --hash=sha256:c1453022f490d2459a11819d83ad1d586e9ff65a12ac3e705ffebd46d3685dcf \
    --hash=sha256:c8c69575568085ba0b1b10c0249d779a214aea6f6522e949a0fc9fb0fcb449d0 \
    --hash=sha256:dd31f52ea1086513bb9df30f8fcee9b8918323ae067a3d5b78bc826a000712be \
    --hash=sha256:f53e442b08449d42821fa4a4fba000095af9f62742a500f978a9f557ec44339a \
    --hash=sha256:f81b3b8f3d4e343550fa4baa0e479bba9f2d29ce9c2e9b51d1ce1718d7442fcf
    # via
    #   argon2-cffi-bindings
    #   cryptography
charset-normalizer==3.5.2 \
    --hash=sha256:01077390b03f7988f11d700a2194e69b119741a86b1a638b1db88891e3eced8e \
    --hash=sha256:01b0c0d2262a9e28e8484a278c7e1b5d650e3ac8cf2683d2967e25899f208bdf \
    --hash=sha256:0774bf9bf620249fee3e0b8b9fd3065de213be30f3aa94ce2494b3b638949e26 \
    --hash=sha256:0fed1d06615f022ee3b13caf5e8b180cfea32bb2c5aded8a9d44277afc040f93 \
    --hash=sha256:11a4d68a6ecda3292cb1e50239e111543ba5d709bb62a6b4ea1afcfa729d8875 \
    --hash=sha256:1c50fe28bbc2ced33386f298650d91218076c05420e6cbd790b913adc41659e7 \
    --hash=sha256:1db38f4c5496827c1a501846d64d14c3b80c7e6714e406cd7dc36a9899fa1011 \
    --hash=sha256:23851fb4e1b85ed3f6c2a27b777cdfe2e19fb5b38429a8faf38c7542b7665869 \
    --hash=sha256:2ce45c6627b22c47e390bc91a41c3d13032192e699fa0bea96e9671b373d69b0 \
    --hash=sha256:304d8e4d493af723536393eee0c689eb7813f4a474c8b479dee63f1fdd98f621 \
    --hash=sha256:355ad8011081dec5412240c087a9a0c9d4d5039f3ed11a3f13e18c2b29b56c51 \
    --hash=sha256:38a873987f3be698494da8b2e3085e29da02da7b633dce73e79c699a113d7bf0 \
    --hash=sha256:39de2a259fc954455c57274dc94c79d5842774e1247a016aff30bc0efed0f4ef \
    --hash=sha256:3d31298449090ab8d47b7b1b2a555ff73cac7ed438a08b7ac160980c7ebed649 \
    --hash=sha256:40ab6bffa02ae10a0581e6c198be7d2d8ca5c2a0c64e4ed3465d766df457573e \
    --hash=sha256:4275811936e2f06feff5e598fb42a1b7ae852da8e39605211892b56b81a34efd \
    --hash=sha256:5cde776b7cc66e4f6c99612cea4aa7269aa65863f7a15841b2c264f103822f4e \
    --hash=sha256:780fbe7cab297b81dad9fb8dc5eb003c0468ffb0d9e5f65068c53a34661a96bc \
    --hash=sha256:7e841fb9010836c992c9f12fcbd43a831de93a5f726fc1ccd8ca1d0268c5014c \
    --hash=sha256:838dcc90063569a0448120554591a1d6c4a4ffe11babf048908793154ab86ade \
    --hash=sha256:9b7f416ff0978e2f2249330527f0ad6fa02f4932e6199692d3b52da2048c19e4 \
    --hash=sha256:9cae88599c7219005d879f98e5ed53341e9a122af585e1091200358a3003d2a0 \
    --hash=sha256:9f56f72050826f63dcee7a7f55b0a77168cb3bfc553fd405e7f8f9ece75a4036 \
    --hash=sha256:a815775b6c38d4e0ff7bcffbeba67feded90202bb6a226b8dd35f1c855217413 \
    --hash=sha256:ae4f5fea5b8b8ccff88238cc8569303e5ee95efae67fa62922a311397a71f346 \
    --hash=sha256:b6b751274acb69d77b3323d6b7dbaa3c7fdfc1eb829b7eb61d262f32e1af9685 \
    --hash=sha256:b91363207bd9dc966a691e959bb47f64b30f7ac4b072be9968b366982f7db77c \
    --hash=sha256:d19fbd981a488e22cd04883659ca6b08f50b5974f9fd7c95655ef6a043e5893f \
    --hash=sha256:d6734d2ef8a50fbf8445c139477da401f50d62a0606bf00e20ec6d87773fefb1 \
    --hash=sha256:db19d07e2e0129e974a0e65d0064fc222a446cd5122c2fd4184d2af9fc734a9e \
    --hash=sha256:e2af3aad578aa6bd1384bcf4750fc285e5a9de53f40b7d41e5a0bf748edeb2b3 \
    --hash=sha256:ed2a239c0ea213acc1908150a3037257083c7c083128f1a4cec2ec4b97dca491 \
    --hash=sha256:ee21e28f0430bd6dc9086c6e525d5e818a44a5ad19720c8a0ef766792f3eb5e5 \
    --hash=sha256:f7d486c83842422badd511868fd8a9a20e9407ace71564b6af47ce7e60a336c1
    # via requests
click==8.5.0 \
    --hash=sha256:255bc9599cf7748b4b1a446ccc735421bd08a2ae529a8b88597d3de5664ee360 \
    --hash=sha256:ba0d2089de75ea0310e2dde03160e6ca10009947fb95a182f9b54021bb272e34
    # via
    #   presidio-analyzer
    #   spacy
    #   uvicorn
cloudpathlib==0.26.0 \
    --hash=sha256:6ea02248f2db7cb10729caf1edbdec92587dfdbbd3df8c71a32aedd4ae55715a \
    --hash=sha256:abcd7f54bcbb2fbb79c0e96b79241f08866760aee6276586882b3558672d571b
    # via weasel
colorama==0.4.6 ; sys_platform == 'win32' \
    --hash=sha256:08695f5cb7ed6e0531a20572697297273c47b8cae5a63ffc6d6ed5c201be6e44 \
    --hash=sha256:4f1d9991f5acc0ca119f9d443620b77f9d6b33703e51011c16baf57afb285fc6
    # via
    #   tqdm
    #   typer
    #   wasabi
confection==1.3.3 \
    --hash=sha256:b9fef9ee84b237ef4611ec3eb5797b70e13063e6310ad9f15536373f5e313c82 \
    --hash=sha256:f0f6810d567ff73993fe74d218ca5e1ffb6a44fb03f391257fc5d033546cbfaa
    # via
    #   spacy
    #   thinc
    #   weasel
cryptography==48.0.1 \
    --hash=sha256:0ee6ea481db1ab889cba043ec1eda17bb9c1ea79db6722f779c3667f9f70322f \
    --hash=sha256:266f4ee051abb2f725b74ef8072b521ce1feacf685a3364fa6a6b45548db791a \
    --hash=sha256:2c37f2461406063b417837f5f3daab668652acd82423efcd7f0a9f04be972de1 \
    --hash=sha256:32143b24adb918f078134e1e230f1eb8cc04886b92c28b5f0041aaf3e5699225 \
    --hash=sha256:3752f2dbc8f07a30aad2932c986cea495b03bb554887828225da104f732852b6 \
    --hash=sha256:39489bfca54c7a1f6b297efcd8bc608ab92d16c4ca631b0cad4da46724588b24 \
    --hash=sha256:3e4a1a3232eef2e6c732827d5722db29a0cc8b27af2a4d865b094cf954be9ca1 \
    --hash=sha256:3fd2ca57062b241c856670b073487d2e86c4637937ca5601e48f97bf8e11fc8f \
    --hash=sha256:43c5835e2cb98c8733d86f57d6fc879b613f5c3478607281c3e36daffc6dd8a6 \
    --hash=sha256:48fe40804d4caa2288f24e70ca8c64c42dd826da0ad7e4f1b41b2128d679e6c8 \
    --hash=sha256:4ab0a343c807bbcd90c971cd1ecf072937cd01847a9e002bef88fb47ac6be577 \
    --hash=sha256:4fdc69f8e4316bcf0c8c8ec1f26f285d12e8142d88d96c876a59a03be3f6ae67 \
    --hash=sha256:66fd0771e7b9c6dcd44cf1120690d2338d16d72795cf40cae2786a39eba65429 \
    --hash=sha256:6b2c0c3e6ccf3ade7750f836ef3ee36eea250cc467d45c256895573ac08cc6f1 \
    --hash=sha256:86be3b1b0b6bf09482fb50a979c508d2950ed95f5621ec77f4e385962006b83a \
    --hash=sha256:86fe77abb1bd87afb251d4d02ada7ecf53a32cee9b67d976abb2e45a13297475 \
    --hash=sha256:88c852a0ae366e262e5a1744b685e6a433dc8788dd2a277e418bf4904203609d \
    --hash=sha256:9621de99d2da096006b629979efd8ae7eb2d8b822488d0c89ee4000c306c59b1 \
    --hash=sha256:9a49ca6c81417f6a5edb50375a60cccdd70fa0a91a5211829dbea74eba94d2ac \
    --hash=sha256:9bd3f92d76217892b15df84ca256c2c113d386fdda7a7d8691aeeced976507c6 \
    --hash=sha256:b024e784ad6c077ee0147b35ea9cbfc1e34e1fd4c1dcca214c2794d73a12df08 \
    --hash=sha256:b74ca3b8e5ecdd833bf6a002ca41b4793bb27fb8f1c06ffaf2643c9e9140e31b \
    --hash=sha256:b7a2d1a937a738a881737cec135a38bb61470589b17515b9f73f571d0ae10401 \
    --hash=sha256:b9a32b876490d66c8bcc9963ef220199569748434ab01a9d6aaeabf88e7f5158 \
    --hash=sha256:bd81490cd5801d755cf97bb68ac191f14b708470b1c7cf4580f669b9c9264cd8 \
    --hash=sha256:eb86ce1af36fe65041b6db9a8bb064ee621a7e5fded0f80d475ec243477cd242 \
    --hash=sha256:f0d27a5696721ef7a672b8c810f6aded391058e0b9486e63e6d93baf765da691 \
    --hash=sha256:f2ceef93cb096aa3c4cc4b5c94ca6131f9196d28c64d6111533402a9b2054d41 \
    --hash=sha256:fe0180af5bf9236518a087e35bf2d9a347d5f5f51e63c579d683ddff424e3d46
    # via presidio-anonymizer
cymem==2.0.13 \
    --hash=sha256:1c91a92ae8c7104275ac26bd4d29b08ccd3e7faff5893d3858cb6fadf1bc1588 \
    --hash=sha256:2ff1c41fd59b789579fdace78aa587c5fc091991fa59458c382b116fc36e30dc \
    --hash=sha256:6bbd701338df7bf408648191dff52472a9b334f71bcd31a21a41d83821050f67 \
    --hash=sha256:742fc19764467a49ed22e56a4d2134c262d73a6c635409584ae3bf9afa092c33 \
    --hash=sha256:a84ba3178d9128b9ffb52ce81ebab456e9fe959125b51109f5b73ebdfc6b60d6 \
    --hash=sha256:c9251d889348fe79a75e9b3e4d1b5fa651fca8a64500820685d73a3acc21b6a8 \
    --hash=sha256:d670329ee8dbbbf241b7c08069fe3f1d3a1a3e2d69c7d05ea008a7010d826298 \
    --hash=sha256:e8afbc5162a0fe14b6463e1c4e45248a1b2fe2cbcecc8a5b9e511117080da0eb \
    --hash=sha256:f190a92fe46197ee64d32560eb121c2809bb843341733227f51538ce77b3410d
    # via
    #   preshed
    #   spacy
    #   thinc
en-core-web-sm @ https://github.com/explosion/spacy-models/releases/download/en_core_web_sm-3.8.0/en_core_web_sm-3.8.0-py3-none-any.whl \
    --hash=sha256:1932429db727d4bff3deed6b34cfc05df17794f4a52eeb26cf8928f7c1a0fb85
    # via j26-research-platform
fastapi==0.142.2 \
    --hash=sha256:06366626f2e70576367714d9ab2fe8472e6c8456dba69b399f9f797ab5e92570 \
    --hash=sha256:bd5f4d81f1e93a88bcd77caf4dfe3c2dbffc3805407a0007e9a114c18b3a670b
    # via j26-research-platform
filelock==4.0.12 \
    --hash=sha256:5f17ee83ecee8a6f3e389c75822fb70a1c2f0506b99438a6dffa1d56793588c8 \
    --hash=sha256:cf42711a7ac791818b299fab0332a088c65aeeefa36290de98db92c434303b0c
    # via tldextract
h11==0.16.0 \
    --hash=sha256:4e35b956cf45792e4caa5885e69fba00bdbc6ffafbfa020300e549b208ee5ff1 \
    --hash=sha256:63cf8bbe7522de3bf65932fda1d9c2772064ffb3dae62d55932da54b31cb6c86
    # via
    #   httpcore
    #   uvicorn
httpcore==1.0.9 \
    --hash=sha256:2d400746a40668fc9dec9810239072b40b4484b640a8c38fd654a024c7a1bf55 \
    --hash=sha256:6e34463af53fd2ab5d807f399a9b45ea31c3dfa2276f15a2c3f00afff6e176e8
    # via httpx
httpx==0.28.1 \
    --hash=sha256:75e98c5f16b0f35b567856f597f06ff2270a374470a5c2392242528e3e3e42fc \
    --hash=sha256:d909fcccc110f8c7faf814ca82a9a4d816bc5a6dbfea25d6591d6985b8ba59ad
    # via
    #   j26-research-platform
    #   weasel
idna==3.20 \
    --hash=sha256:a7db850025b95ded1eae8a46181a1a6c56c92c96f0e2b005d9ff8dc0210cab44 \
    --hash=sha256:ab7ae7122974553370f0bdb919e1a960b2cd1bc1ef0276416d896db81c14582c
    # via
    #   anyio
    #   httpx
    #   requests
    #   tldextract
jinja2==3.1.6 \
    --hash=sha256:0137fb05990d35f1275a587e9aee6d56da821fc83491a0fb838183be43f66d6d \
    --hash=sha256:85ece4451f492d0c13c5dd7c13a64681a86afae63a5f347908daf103ce6d2f67
    # via spacy
mako==1.4.3 \
    --hash=sha256:723296007c870bfd6b3f0c3230dba7198096e5269297ebf5e4eff9e7ffa39d4f \
    --hash=sha256:cd6537fe88d5fec315c55c2f8529bc4ce7a9a352ad7db3eeaa6a66e2dd4ec37a
    # via alembic
markdown-it-py==4.2.0 \
    --hash=sha256:04a21681d6fbb623de53f6f364d352309d4094dd4194040a10fd51833e418d49 \
    --hash=sha256:9f7ebbcd14fe59494226453aed97c1070d83f8d24b6fc3a3bcf9a38092641c4a
    # via rich
markupsafe==3.0.4 \
    --hash=sha256:0930db9bdc62d22944e10b066448bb65dc9abe9112880c7cab8da54db4284d5f \
    --hash=sha256:11935df9bf455ed0c04eb87bcd720f02b1fe5e02128a9430f23aed6f93336fc7 \
    --hash=sha256:1e1451fab512d1bcc3dc26988ec1edb0b82c2db909132872cd9356070a6b63df \
    --hash=sha256:2e9ad7dd851bf45fab9f75cbff4cb493fee9979e8d8c7c9c3ee119022518edd6 \
    --hash=sha256:61631e08084be9e21a8967ec3139c7616ed7c5e9368e05c86d1b39562c8a57b6 \
    --hash=sha256:64511c54db4e4987aef4c41923235927428729e8174c5dba488429be70a998ed \
    --hash=sha256:6a45c3d514f2436064db00d7fc8778d888f0236ebfed649b53d13a59e69ad51b \
    --hash=sha256:8e124f974786f831d6043728e38296969d3579db8896fe004682f5758e613581 \
    --hash=sha256:9f098115c247e11d138ab83a28fa0323c77015007ea2df73ba5fd714dfefd67c \
    --hash=sha256:a4bbd2d87dd233b9fc5812160c3d0ffbe42edc22a26ce0469f58479ede633fe9 \
    --hash=sha256:bd3ce56ae2cbae3ba82b683bc425cd7e48d2ed8b10f3e818186b6f5646d9271c \
    --hash=sha256:c02e8f18bdedba082cef725942ac823b9b60656db07f7e265cb31618dfd00d77 \
    --hash=sha256:c9a7f43c0b202b334cc9184af09bb8f21d3a209e038efaf106936fb69e6b026e \
    --hash=sha256:d5f93ebbeb8032d47e349328ec8662d973d9b05a70b3c35df1f91fe419b84749 \
    --hash=sha256:e1a622f13970d81f95d0c72f9dc090dce9085fccfa4c9f2174377ee32bd15786 \
    --hash=sha256:f0ec3b750b59375eab5b0fb2b9254810c00a3375be6d789899f1055a1d556237
    # via
    #   jinja2
    #   mako
mdurl==0.1.2 \
    --hash=sha256:84008a41e51615a49fc9966191ff91509e3c40b939176e643fd50a5c2196b8f8 \
    --hash=sha256:bb413d29f5eea38f31dd4754dd7377d4465116fb207585f97bf925588687c1ba
    # via markdown-it-py
murmurhash==1.0.15 \
    --hash=sha256:0861cb11039409eaf46878456b7d985ef17b6b484103a6fc367b2ecec846891d \
    --hash=sha256:32c6fde7bd7e9407003370a07b5f4addacabe1556ad3dc2cac246b7a2bba3400 \
    --hash=sha256:43bf4541892ecd95963fcd307bf1c575fc0fee1682f41c93007adee71ca2bb40 \
    --hash=sha256:4a70ca4ae19e600d9be3da64d00710e79dde388a4d162f22078d64844d0ebdda \
    --hash=sha256:58e2b27b7847f9e2a6edf10b47a8c8dd70a4705f45dccb7bf76aeadacf56ba01 \
    --hash=sha256:5a301decfaccfec70fe55cb01dde2a012c3014a874542eaa7cc73477bb749616 \
    --hash=sha256:5d8b43a7011540dc3c7ce66f2134df9732e2bc3bbb4a35f6458bc755e48bde26 \
    --hash=sha256:d37e3ae44746bca80b1a917c2ea625cf216913564ed43f69d2888e5df97db0cb \
    --hash=sha256:f4ac15a2089dc42e6eb0966622d42d2521590a12c92480aafecf34c085302cca
    # via
    #   preshed
    #   spacy
    #   thinc
numpy==2.4.6 \
    --hash=sha256:001fbb8e08d942dd57599e781f2472269ee7f2755fae407b4f67b2f0b17da3f1 \
    --hash=sha256:3213d622a0283a39a93d188f3cf72b26862df52fbb4ca3697f51705016523d41 \
    --hash=sha256:357cc07a6d7b0b182ff02249616a03742827ebb1277546b5c7cd7f7620a45698 \
    --hash=sha256:4081eb135ac24158bd51cdfbef16f1c64df7063b1143f24731387137c092bec8 \
    --hash=sha256:5f9fb9157b4ce2971008323afe46053787b526ef624fea915b261468a8421a0f \
    --hash=sha256:90f9849678c75fe7afa2d348ac842c168b0a4d3d61919687216dfc547976d853 \
    --hash=sha256:c1a2af6c6ef86344a6b0db6b97834208bf598db514f2b155042439b62605601a \
    --hash=sha256:d8e8286dd7cea7895157318d1b91cdacac64c479f3cbc8dce548331728484751 \
    --hash=sha256:e3eeb0aabd6bd5ce64faae67e9935203a6991b4bc2a485a767fbafb2c5125f45 \
    --hash=sha256:e5805d5a22fd19c8ccff10a9561f9df94436b0545619ea579db2d3c35294bce2 \
    --hash=sha256:ebfb099f8dcf083deef3ac1ca4c1503f387cf76296fcb3816b66f5ecb5f54fdb \
    --hash=sha256:f3a3570c4a2a16746ac2c31a7c7c7b0c186b95ce902e33db6f28094ed7387dda
    # via
    #   blis
    #   presidio-analyzer
    #   spacy
    #   thinc
opentelemetry-api==1.45.1 \
    --hash=sha256:aa38ed19bcc084ba42782a73255b3582283eced7ad6dddbd6695189e69adfb75 \
    --hash=sha256:b31553efa588ae44bc306f863c785c5333a9ecc091248c6ee68b4b6c87fdedfb
    # via
    #   fastapi
    #   j26-research-platform
packaging==26.3 \
    --hash=sha256:94edc256424af38762eb31306eed28beb9f0efc50a8837492c9d6fd6004aed79 \
    --hash=sha256:d7193f7c8e4e93f444fde0262bf90af30e16fa0ad0ad44cb553c87339b23cd1c
    # via
    #   spacy
    #   thinc
    #   weasel
phonenumbers==9.0.40 \
    --hash=sha256:189c028c4acd41ee80782e50f74a91260bd76d9115c83be94302509e1cdb5e84 \
    --hash=sha256:a0dd1bc98efa0b6f5839c7b1fface2ebdf0a811645dd8211ae3f037a17ec07ac
    # via presidio-analyzer
preshed==3.0.13 \
    --hash=sha256:04d8f13f2986e5d11af5ac51f55ce3106c70c41b483d20ea392e6180bdd0f870 \
    --hash=sha256:183b339956a9e1d7a4a00038a3b9587a734db9e8bd915939a49791bd1b372156 \
    --hash=sha256:19318dc1cd8cac6663c6c830bf7e0002d2de853769fb03e056774e97c21bedfd \
    --hash=sha256:2e77bed56aded7cbe5d28d6bd2178bc5b13eda0e0e464dab205fb578fa915000 \
    --hash=sha256:5d14eea14bd01291388928991d7df7d60b9fd19ae970e55006eb4d29b0c1e8eb \
    --hash=sha256:62cf7f3113132891d6bba70ff547ad81c6fe50a31930bbbb8499f1d47cd122b7 \
    --hash=sha256:8b8de3f58043070a354477995acdd98626ce43e4193c708ebd0f694e467f5155 \
    --hash=sha256:d75f718bbfd97e992f7827e0fa7faf6a91bdd9c922d5baa4b50d62731396cb89 \
    --hash=sha256:f05b08ce92399c0655b5e0eb5a1cc1f9e295703ed3aabdfaf6538dfa8ae23d57
    # via
    #   spacy
    #   thinc
presidio-analyzer==2.2.364 \
    --hash=sha256:0a9eeb60ccc416c505367b4989d056becb84ef082703ee3361c046fb75941739 \
    --hash=sha256:51f27bacf199fb9777ade9552c0f0111e00a1d73cfe2d4797fc05c998de1e0b6
    # via j26-research-platform
presidio-anonymizer==2.2.364 \
    --hash=sha256:eced015f1195f79a91ad11b34a531ceca2e5c673ed57e97649efea3d3293155d \
    --hash=sha256:f3edfe80b5e83a22976439727e9d449c796b12efdf6cd70a6db860d4942a6b72
    # via j26-research-platform
psycopg==3.3.6 \
    --hash=sha256:a1db9f7148b06a28606767efaca51fa6f9398c5c0a3810519be69d7000bdb631 \
    --hash=sha256:c081f2250df751a943036e42db6df4571c66cd0aabe8291a7a506512b12007d2
    # via j26-research-platform
psycopg-binary==3.3.6 ; implementation_name != 'pypy' \
    --hash=sha256:1679a1cb93fbe5a6d1fd58d82cbddcc6fcb8c61446ba7cae6eb2a7b19bc585de \
    --hash=sha256:289aadd6a00e151203c081f708348ec89f1e483c9b510ef4ac3981f847f01f79 \
    --hash=sha256:366db6e97e66b37211475f20c4c1324a2dc0dd825e46d4e87f9d599304d276f9 \
    --hash=sha256:37d40450659401600e6d043ff586c89a71a69f33cbb8bcdba6cdb2569beecdbe \
    --hash=sha256:3f84dab25e0385692ee13274c68678377e0b1a70ab9d14e56264cbf61f60c62d \
    --hash=sha256:612382ac3ed13651c7fa44b5fee9fbf7baaa2ddbc6f500391672682c5f1df9e0 \
    --hash=sha256:a4ee3bdd5468a725f2a4d9aab8a74b6d0279f768c8b5d3aeb102c5307ff3d59c \
    --hash=sha256:a5165300324efd5a772c48a88ab3a928513ab3979fca76553e62ee815f7b2b9c \
    --hash=sha256:d636338c8f21b0df2f84657b00bc34f9313f826ef93f1155bc743607e4a0c5eb \
    --hash=sha256:e23a66a763fbe83fcc210bc77c27e5a5ea380ebf091c06f34d8561b695e5a40f \
    --hash=sha256:f21d057f3e5f5491067e5b292498073b73847d48799b099803fef100775fcc52
    # via psycopg
pwdlib==0.3.1 \
    --hash=sha256:2ffd1955c92190d5bfbdc5071bf7d422568b83f943453ebd3d43d031ccba37b1 \
    --hash=sha256:944fa439198bed8ac3ea63dac76ea4ae43e2a35f4f21e9e725e82d3c2b97d6a5
    # via j26-research-platform
pycparser==3.0 ; implementation_name != 'PyPy' \
    --hash=sha256:600f49d217304a5902ac3c37e1281c9fe94e4d0489de643a9504c5cdfdfc6b29 \
    --hash=sha256:b727414169a36b7d524c1c3e31839a521725078d7b2ff038656844266160a992
    # via cffi
pydantic==2.13.5 \
    --hash=sha256:346a034f080da3755d8e9cb5e00e8b07de1d39e4f6e2c87d8ab7cafa0b269a73 \
    --hash=sha256:51a9c5f7b2f8e636f04c6cada605d9b6a3bf1348fdf945a3d8869b19bba0ee08
    # via
    #   fastapi
    #   j26-research-platform
    #   presidio-analyzer
    #   pydantic-settings
    #   spacy
    #   thinc
    #   weasel
pydantic-core==2.46.5 \
    --hash=sha256:013d6f3483d81e02e7c328831808f336c8596ee33b4bd4026b9ffb1e960b8942 \
    --hash=sha256:0fc5be0abd4a407e200d844b404e33639a554e7bd0d448e7b9ae181be4789ac2 \
    --hash=sha256:10416c15b8839ecc4ef4d0885da76da6fd0f67333a0eb8aff6d93c4b8f2910fc \
    --hash=sha256:18a09e1e1011b462f2e32774f25859ef1223d5c2b0546a633cf56654710721e0 \
    --hash=sha256:2bc9419666990c06d7397831f2126a1ecc3594aaa3ff7de5bf2d066802f4e07b \
    --hash=sha256:347ec774390c87326a2e4929d58d3f7e8763a104d5d35f4cd595a4c952366433 \
    --hash=sha256:4fdc8b93a41521988916eeaa271173fcca7fa0803d62f87675aac8dcec1c8e29 \
    --hash=sha256:5cb482e9e84c851f4e623fe4acc1ced89168cf1fe18f7089db4548c8f5bbb65b \
    --hash=sha256:5e81740c09e310f5aa5cbd3e434a01c154d4bef93241c7877b39f211d2b78ba8 \
    --hash=sha256:816ff0a6550ffc06c098ccd2e0698600f9aa7da192a79eaa6f9af504a35db869 \
    --hash=sha256:8e24d8f05fa2d28513d94e877e9c75ad66175376209b3977f916e240e623193c \
    --hash=sha256:a39ac25a9a2fa4072efdb429833c4a4c8009a51ff9eea3eeae131713cd27991e \
    --hash=sha256:b98134087d9de723658d17a42c7d0da8d6e2ef08015dee7dc93889047315f5e4 \
    --hash=sha256:b9fe6fb92520e3fd61f2e49000b6911b188824f089b75973ea06d6267f0b476d \
    --hash=sha256:c7ea57fc63aa7da93a1bd2d644e6577befae10c52c4e36377635eea1056a74f5 \
    --hash=sha256:d925f3d9afd05a8c0fb3a1031463a8d59ebe5e2afad297e29c78be19e13b4e62 \
    --hash=sha256:e652ab17569c94bff5475520f907b7148b8c24036a8ebbe5cf7cf7493d28579a \
    --hash=sha256:e9c134bb666dd54b778b9fc0d2b50cbb7f979b9e3716f26a88c9ab3b6fc1dd0f \
    --hash=sha256:efd62a42486f1bda5d24cb4f63d15a3c7768375fe83d36f9417b4ad7a2fb20b3 \
    --hash=sha256:f7b0ec93a2893de856652154d73b7ba622f26fa97726487dcac373de5f4c6084
    # via pydantic
pydantic-settings==2.15.0 \
    --hash=sha256:0ba092c291c94baceb5eff768aa0d56400a457585bc0175925a5a5510303da42 \
    --hash=sha256:694b793e84f766ba76a90ebdefc01d0a9a045dab0382bee70393da93712ad117
    # via j26-research-platform
pygments==2.21.0 \
    --hash=sha256:2363c69b61c4a97c838da3b130dcd6468f4848992b21a82f2a63ec34377137d9 \
    --hash=sha256:610ca751c9bc2492b38eb9a38a7fbc93edbbb2d7182edaf34e66ae493dee5c8c
    # via rich
pyjwt==2.15.1 \
    --hash=sha256:42d59d631f7768a1028a64c7ff581a9bf7519804daf91fc5b6c56e30eec5e193 \
    --hash=sha256:4f259e80cdfb6b3fc18a7de51fd1ef9ec79652f25019bae68975ca2468a34df8
    # via j26-research-platform
python-dotenv==1.2.4 \
    --hash=sha256:42269a8a5b3fd54ffa6f3d84b18abed50064717576b4ecf03dc4a55d8aa04fdc \
    --hash=sha256:f0d53e69935a851c0dcc78f3ab7aaccd8cabef0b92382b576b824212902873c0
    # via pydantic-settings
pyyaml==6.0.3 \
    --hash=sha256:41715c910c881bc081f1e8872880d3c650acf13dfa8214bad49ed4cede7c34ea \
    --hash=sha256:5fcd34e47f6e0b794d17de1b4ff496c00986e1c83f7ab2fb8fcfe9616ff7477b \
    --hash=sha256:5fdec68f91a0c6739b380c83b951e2c72ac0197ace422360e6d5a959d8d97b2c \
    --hash=sha256:64386e5e707d03a7e172c0701abfb7e10f0fb753ee1d773128192742712a98fd \
    --hash=sha256:7f047e29dcae44602496db43be01ad42fc6f1cc0d8cd6c83d342306c32270196 \
    --hash=sha256:8dc52c23056b9ddd46818a57b78404882310fb473d63f17b07d5c40421e47f8e \
    --hash=sha256:9149cad251584d5fb4981be1ecde53a1ca46c891a79788c0df828d2f166bda28 \
    --hash=sha256:96b533f0e99f6579b3d4d4995707cf36df9100d67e0c8303a0c55b27b5f99bc5 \
    --hash=sha256:ba1cc08a7ccde2d2ec775841541641e4548226580ab850948cbfda66a1befcdc \
    --hash=sha256:d76623373421df22fb4cf8817020cbb7ef15c725b9d5e45f17e189bfc384190f \
    --hash=sha256:fc09d0aa354569bc501d4e787133afc08552722d3ab34836a80547331bb5d4a0
    # via presidio-analyzer
redis==8.1.0 \
    --hash=sha256:6e1a19beef9225c83efd689c7e6b7da2d5215b1f42cd13b7fc3714d0a09c7b25 \
    --hash=sha256:a4fe1aac3d3b3cc791d4b3d5931c5a956045dc951ee74d1c913ee3ac4d2ee9fb
    # via j26-research-platform
regex==2026.9.29 \
    --hash=sha256:0dd8af32e9f7b56b7f95cc1fd79b23054c3bdc172392ae560acc24d57b7ffe71 \
    --hash=sha256:39ab5894d971f9ac68baa6eca5c50387db579cfcacf36ae8df3feceb1815e6d0 \
    --hash=sha256:3a21a9509d0ee88e7a70e1ad228cd2f0e0fd1e187458db132e8a8d18c97daf9d \
    --hash=sha256:3c5c2ef13797466aa64170cbb66ad98a32351dd4127694cea7199f80f213750d \
    --hash=sha256:4fe97894d1b306c919b4e50def1e6f6c522f4d03a7283811f4d108f1ce5d3ac2 \
    --hash=sha256:59b49507f47479e299a9e1bc41b5cb83a7afda0540625f1dbae886615978acbf \
    --hash=sha256:87fb80cbe3557e27e7b28b995c2b2eedf689b8886f941ab93e0e288f0976518a \
    --hash=sha256:8b5fcc4771732191b2b7d1dd68d8f0353f47f8d90b6150f6dce58bf1112442cb \
    --hash=sha256:9e1d3a4cb7993b708f0ada8d0c84590efd853f169e7147d2202c9da503180242 \
    --hash=sha256:c1a9a6651197fbed6f0212591418b9def774fc3f8324f78d1bf0e6a63e5f8aa1 \
    --hash=sha256:d0c3082bf79bcd6a614d55916590ad4b8f93200e10b97f463ea5d9d07c9b5f23 \
    --hash=sha256:dabee8f4935e731fb46b2a3091bdda0d3d94b3bbfb907d2b4f12eefce4009619 \
    --hash=sha256:db5e82ba15c142425b8406690032df89e39cca4a2e8afbbb9a3d84edc2373ac3 \
    --hash=sha256:dc79d36d0618752265f0d575915bdc5c5130ecb9c9f6b3bcefeae32e4bdfafcf \
    --hash=sha256:f57dc6b8fef170f105d2cf5cdce254f47b137d7755086cf7050f47e16582abba \
    --hash=sha256:f93bc1c3486ef3747e07c9d7c1d0a147b8fbaab975f80e348aed6f71309dfaca \
    --hash=sha256:fdd88ed5e20b1bcdd234421e454962c971aa44b653bdb7f1ea9ef683e90fb649
    # via presidio-analyzer
requests==2.34.2 \
    --hash=sha256:2a0d60c172f83ac6ab31e4554906c0f3b3588d37b5cb939b1c061f4907e278e0 \
    --hash=sha256:f288924cae4e29463698d6d60bc6a4da69c89185ad1e0bcc4104f584e960b9ed
    # via
    #   requests-file
    #   spacy
    #   tldextract
requests-file==3.0.1 \
    --hash=sha256:d0f5eb94353986d998f80ac63c7f146a307728be051d4d1cd390dbdb59c10fa2 \
    --hash=sha256:f14243d7796c588f3521bd423c5dea2ee4cc730e54a3cac9574d78aca1272576
    # via tldextract
rich==15.0.0 \
    --hash=sha256:33bd4ef74232fb73fe9279a257718407f169c09b78a87ad3d296f548e27de0bb \
    --hash=sha256:edd07a4824c6b40189fb7ac9bc4c52536e9780fbbfbddf6f1e2502c31b068c36
    # via typer
setuptools==84.0.0 \
    --hash=sha256:51a52592b3b99e102b609654876bd65f19f999935166d1352678931132b0c670 \
    --hash=sha256:f4695c21257f0d9b537ec2692c941d02ee143b7cc1276941349a546573b2ef73
    # via
    #   spacy
    #   thinc
shellingham==1.5.4 \
    --hash=sha256:7ecfff8f2fd72616f7481040475a65b2bf8af90a56c89140852d1120324e8686 \
    --hash=sha256:8dbca0739d487e5bd35ab3ca4b36e11c4078f3a234bfce294b0a0291363404de
    # via typer
smart-open==8.0.2 \
    --hash=sha256:7ff6e4acf454269905db0c747f5d14fdba6056db572c0f8398043676dc91515c \
    --hash=sha256:d5b5c85d2d31a6657bb18b3725856125f3b5be0ae3020c0fafa4649f6c493122
    # via weasel
spacy==3.8.16 \
    --hash=sha256:2810fd2ce41f6a8dde62642dad0d11fd9db7cb6a1cd40b1c8b70a01586e6ff9f \
    --hash=sha256:397a80c4d09a6237eebaaee00a2e5f8732ff4cc165f94679b899f30179d38ea8 \
    --hash=sha256:44a641085abbe3a09ea56a89f2e50b5f51aea6cf69213b70305fb48e341b883b \
    --hash=sha256:5991c334e71c23b798c25e0d403295dde4d2d1fb58c2e075450b964db03c05ea \
    --hash=sha256:770cc0581fc06c0723cb1488dc1d1da0570801168da786674626f342d903ed37 \
    --hash=sha256:8d0f63c3124d0a34a37e9b519d004cee1269744be07f91f843902e6c9f3e557a \
    --hash=sha256:a2c46c35467d963a62dc0407c99d3a18562d4c85ee887a57e4a07dde020f1a38 \
    --hash=sha256:a3d19da23637cc396b42d22fc33852680f675d8ddcb847d3e2a0d094712d1794 \
    --hash=sha256:e045765035e9760f38637101f41a7c89d3b69659dcc70e716bb4011a95969ac9
    # via
    #   j26-research-platform
    #   presidio-analyzer
spacy-legacy==3.0.12 \
    --hash=sha256:476e3bd0d05f8c339ed60f40986c07387c0a71479245d6d0f4298dbd52cda55f \
    --hash=sha256:b37d6e0c9b6e1d7ca1cf5bc7152ab64a4c4671f59c85adaf7a3fcb870357a774
    # via spacy
spacy-loggers==1.0.5 \
    --hash=sha256:196284c9c446cc0cdb944005384270d775fdeaf4f494d8e269466cfa497ef645 \
    --hash=sha256:d60b0bdbf915a60e516cc2e653baeff946f0cfc461b452d11a4d5458c6fe5f24
    # via spacy
sqlalchemy==2.1.3 \
    --hash=sha256:2b7c7d6db0d967a9feedda37d1bbbbea2415e6d5e8e6ff7ef6e52990f33ae414 \
    --hash=sha256:314407ce02091e80ec295c2392ad04573a08fa9517359a99b63bdfdb041e6c55 \
    --hash=sha256:565da0a28051cc4ac6f3ae6e9f33cae707ac6b102eac077ebdaada05226f8e3d \
    --hash=sha256:6a60162b10e59cde7037b65ee52c45ff106f183b454d3763351534d18c109641 \
    --hash=sha256:6f0cf4debd86cb5623a50310784bd005c215761ca7f618d0d4f46193d033675a \
    --hash=sha256:7089cd2408cdae671c0775991e91349532d44f91fccc3248aada4b2243600da8 \
    --hash=sha256:7cdc5952525055fcddbbd4ca6c53812e228b6478cc95bdd7bbb24708ed045740 \
    --hash=sha256:8212524da8426cc35b99d573447f7e13e94eaf4ae31fcc0f84132222c0e7d904 \
    --hash=sha256:ade5281df06038c6394f532590d592d3381ee5d11b9e0006a2570aef41145118 \
    --hash=sha256:c663d71a0dbac51085074ad779d555a69af18f5ef01690c8206a92603df46cc9 \
    --hash=sha256:f097f4efb9ba48f3069b17998abd8bbe2131b7f5d3c00ab7b69101d68bd976f4 \
    --hash=sha256:f68fb01c2bea9d6e362f37f8109974d285718880ee59eefff1c9a11e5e5df6a9
    # via
    #   alembic
    #   j26-research-platform
srsly==2.5.4 \
    --hash=sha256:0f1bec0f3a859b55997c92cbc19f3500c2ceea407ceb7690959193a13ec7c315 \
    --hash=sha256:168a1b9b5d275276cdf9895fd7527dadc29c1d81d0a1fde7adb464e089051cec \
    --hash=sha256:67a798b18ead89a95974618a8f001fd7ebeb2455c91894f170f6edf2aa49cf6a \
    --hash=sha256:7589a35dd6bf1d177803c4ed454098f2f690b3704b80cca337a50be95ba59b3a \
    --hash=sha256:a287627f6d35f83b8e8df99b4c7f7068b3cf386d4c28fc4b257b226512568f91 \
    --hash=sha256:aef76c62564593404770760bef01ffb22b8b2781a7dc2a4cc8a70ebf36c438b6 \
    --hash=sha256:bb463e076e5efe61784c439493dc012e27fd05b4ddcf78f3353345c5d7e462c3 \
    --hash=sha256:d42e867817004670c7c234b72dd315298682abd1e16095e96673f8505021120d \
    --hash=sha256:f3f59d68903fc23e34574eb978c88aba1a25ede9f5833582b94df9432bc137f4
    # via
    #   spacy
    #   thinc
    #   weasel
starlette==1.7.0 \
    --hash=sha256:67f8e99895493dd2911a03f11314af6ceebeae4e704bb9f43dfc6a9db151c93e \
    --hash=sha256:c79f74ea63cff761804fbbfb182f1e0b440c2d07b164d24700c5a1bab5d6ff5d
    # via fastapi
thinc==8.3.13 \
    --hash=sha256:3710d318b4e5460cf366a6f7b5ddbefb5d39dbd4cfa408222750fdc6c27c4411 \
    --hash=sha256:4b5ec9ff313819e7d8667794a3559463fa89ff45aaa73e3fd8d6273b1e0d7a7f \
    --hash=sha256:5a08c87143a6d20177652dca1ec0dc815d88216d8fc62594a57e8bc45bf5ed49 \
    --hash=sha256:5c9a48f2bc1e04f138240ed5f9b815a9141a5de26accd0f08fa0137fcefed258 \
    --hash=sha256:68e658549fc1eb3ff92aed5147fcbb9c15d6e9cc0e623b4d0998d16522ffb4f9 \
    --hash=sha256:77a41f66285321d20aaedaea1e87d7cd48dca6d2427bed1867ec7cba7109fc8d \
    --hash=sha256:79a29a44d76bd02f5ac0624268c6e42b3576ae472c791a8ae9c2d813ae789b59 \
    --hash=sha256:c6a049703a6011c8fe26ee41af7e70272145594140d82f79bb23de619c6a6525 \
    --hash=sha256:ed1dc709ac4f2f03b710457889e4e02f05de51bc8456980c241d0b28798bc7cb
    # via spacy
tldextract==5.4.0 \
    --hash=sha256:6c9223212c15c25c0da2bf7313893c14f175cb36b64a0c42da67a468e0c61ee3 \
    --hash=sha256:7f02aed30bd3b6ad5717192eb859a39b20aafc7caf3917d9cf6cb00a58efb34f
    # via presidio-analyzer
tqdm==4.70.1 \
    --hash=sha256:c293e525e6fef9c20e8728fd4612df02a0aa31bb5fe91ecd93e123b1b7bffa73 \
    --hash=sha256:cefd0eca11b2a37a3aee776544d4f4ae913f02688135b5556b8788dfa474afc4
    # via spacy
typer==0.27.3 \
    --hash=sha256:d0396f770a560ab1b0a8504e13b5f254b728cedb05c61cf0359e944e50ce8901 \
    --hash=sha256:e50022f28b82a86313e54501317a1db64bf8f8d036ff8cfe5ca7e47675454aff
    # via
    #   spacy
    #   weasel
typing-extensions==4.16.0 \
    --hash=sha256:481caa481374e813c1b176ada14e97f1f67a4539ce9cfeb3f350d78d6370c2e8 \
    --hash=sha256:dc983d19a509c94dba722ee6abd33940f7c05a89e243c47e907eb4db6f1a43e5
    # via
    #   alembic
    #   anyio
    #   fastapi
    #   opentelemetry-api
    #   psycopg
    #   pydantic
    #   pydantic-core
    #   sqlalchemy
    #   starlette
    #   typing-inspection
typing-inspection==0.4.4 \
    --hash=sha256:547274fa6b0a561ccf549cc9524b999a578e737d015d8709d021f9d0d13bea47 \
    --hash=sha256:65b8397ba37ccbce054456aaccddfc91e6e3083c92824df348d96ca832f3f147
    # via
    #   fastapi
    #   pydantic
    #   pydantic-settings
tzdata==2026.5 ; sys_platform == 'win32' \
    --hash=sha256:8cc73c0a0bfca7dbfa59235d60b2eff82231dee33f53d206db1acd9173cfc0a7 \
    --hash=sha256:b683bd1b6659ddcd810ff02ad09ba821d4bf1065072805063eb35c49617905ac
    # via psycopg
urllib3==2.8.0 \
    --hash=sha256:0cf3cae568d36aa9576b28dfb35f11328f1cb974ca7647d9475ebb86c75ac6e3 \
    --hash=sha256:63bf2ead4c879426ebf22ef2a781eeb4aa3b4ae798a0435506f8687fd5bb9b63
    # via requests
uvicorn==0.54.0 \
    --hash=sha256:505bdb0f318731d45f1f712071fc781a8981f6847a31c902c9f5e652d4f67faf \
    --hash=sha256:a2e33cbfaa0306f8e6b0c13e0cb89d7d7a2da3e62b90c66e18c33d9807b28620
    # via j26-research-platform
wasabi==1.1.3 \
    --hash=sha256:4bb3008f003809db0c3e28b4daf20906ea871a2bb43f9914197d540f4f2e0878 \
    --hash=sha256:f76e16e8f7e79f8c4c8be49b4024ac725713ab10cd7f19350ad18a8e3f71728c
    # via
    #   spacy
    #   thinc
    #   weasel
weasel==1.0.0 \
    --hash=sha256:7b129b44c90cc543b760532974ca1e4eb30dad2aa2026f57bdce66354ae610fc \
    --hash=sha256:89518acee027f49d743126c3502d35e6dd14f5768be5c37c9af47c171b6005cc
    # via spacy
wrapt==2.5.0 \
    --hash=sha256:0cabb9c17ab79b2549d1f23b36f436473ad9253ef53995a817feba26fae69d5b \
    --hash=sha256:107eea1a511e98a3a5033b0c2cb403fbb37f05dee6ac1fb85c0460d311ec278c \
    --hash=sha256:5421acb5c363a9bc959122a8645e3f1f42010c932dc53885b11a5ff5b5a6d730 \
    --hash=sha256:6761765cc520ff9616fb035c02a85d1d744f7f70edd4649718fd0d09c589eacf \
    --hash=sha256:691671ea05684f921ffc2e935fd3f9311c1795a10fbbfa006b46269733668f66 \
    --hash=sha256:6a9ee62a970075738909909bdbef3a7da9f7ae03dfca584db283547a29503b56 \
    --hash=sha256:8837fbe708cb9d8a2d32a37dee836d24a531f02560db26418e2b181986fa21cb \
    --hash=sha256:a145a7826eddea3eb5814903f98f93756042b919bb5305544cb1331daa2705b1 \
    --hash=sha256:ab45839c912777e2738fed369636589c8b2a6d9c44ca56de0fd0814581d467c2 \
    --hash=sha256:b898caea081303006decc562c7fca5126f7c96507e78dd8f1ae3285dfa50ddc7 \
    --hash=sha256:c48cdb6c904dca76d9915a579e4a5fab6b0c25f650c1019ce78a78effaf7a345 \
    --hash=sha256:ce4cab32c37ef71e69cf88f909b7febd0dd79543e5ae3650e2b874e0f3d3b975 \
    --hash=sha256:e716f47c7f61e11709d3c0904213c94fc22999abf0c41461276cef886c1e8b4d
    # via smart-open
